
Microsoft Visual Studio Solution File, Format Version 12.00
# Visual Studio 15
VisualStudioVersion = 15.0.26124.0
MinimumVisualStudioVersion = 15.0.26124.0
Project("{2150E333-8FDC-42A3-9474-1A3956D46DE8}") = "src", "src", "{2BE50F66-6D55-4045-8817-D5F065CD5C7C}"
EndProject
Project("{2150E333-8FDC-42A3-9474-1A3956D46DE8}") = "Core", "Core", "{DB3F878F-5D26-4342-BE01-002529710FF2}"
EndProject
Project("{FAE04EC0-301F-11D3-BF4B-00C04F79EFBC}") = "Domain", "src\Core\Domain\Domain.csproj", "{877382C4-FCDF-4170-A632-D16D2FE00C9C}"
EndProject
Project("{FAE04EC0-301F-11D3-BF4B-00C04F79EFBC}") = "Application", "src\Core\Application\Application.csproj", "{62F5D69A-9743-483C-AD28-7209CA89BA7A}"
EndProject
Project("{2150E333-8FDC-42A3-9474-1A3956D46DE8}") = "test", "test", "{EFAE5021-44D5-4906-994D-4EB8B4C4DD09}"
EndProject
Project("{2150E333-8FDC-42A3-9474-1A3956D46DE8}") = "auto", "auto", "{409CF84B-0BCE-4650-A711-73092F098770}"
EndProject
Project("{2150E333-8FDC-42A3-9474-1A3956D46DE8}") = "Core", "Core", "{7022624B-0CE1-4889-AABF-9407E4FAC497}"
EndProject
Project("{FAE04EC0-301F-11D3-BF4B-00C04F79EFBC}") = "Application.Test", "test\auto\Core\Application.Test\Application.Test.csproj", "{D63172EF-E69F-4220-AD50-545E6632714F}"
EndProject
Global
	GlobalSection(SolutionConfigurationPlatforms) = preSolution
		Debug|Any CPU = Debug|Any CPU
		Debug|x64 = Debug|x64
		Debug|x86 = Debug|x86
		Release|Any CPU = Release|Any CPU
		Release|x64 = Release|x64
		Release|x86 = Release|x86
	EndGlobalSection
	GlobalSection(SolutionProperties) = preSolution
		HideSolutionNode = FALSE
	EndGlobalSection
	GlobalSection(ProjectConfigurationPlatforms) = postSolution
		{877382C4-FCDF-4170-A632-D16D2FE00C9C}.Debug|Any CPU.ActiveCfg = Debug|Any CPU
		{877382C4-FCDF-4170-A632-D16D2FE00C9C}.Debug|Any CPU.Build.0 = Debug|Any CPU
		{877382C4-FCDF-4170-A632-D16D2FE00C9C}.Debug|x64.ActiveCfg = Debug|Any CPU
		{877382C4-FCDF-4170-A632-D16D2FE00C9C}.Debug|x64.Build.0 = Debug|Any CPU
		{877382C4-FCDF-4170-A632-D16D2FE00C9C}.Debug|x86.ActiveCfg = Debug|Any CPU
		{877382C4-FCDF-4170-A632-D16D2FE00C9C}.Debug|x86.Build.0 = Debug|Any CPU
		{877382C4-FCDF-4170-A632-D16D2FE00C9C}.Release|Any CPU.ActiveCfg = Release|Any CPU
		{877382C4-FCDF-4170-A632-D16D2FE00C9C}.Release|Any CPU.Build.0 = Release|Any CPU
		{877382C4-FCDF-4170-A632-D16D2FE00C9C}.Release|x64.ActiveCfg = Release|Any CPU
		{877382C4-FCDF-4170-A632-D16D2FE00C9C}.Release|x64.Build.0 = Release|Any CPU
		{877382C4-FCDF-4170-A632-D16D2FE00C9C}.Release|x86.ActiveCfg = Release|Any CPU
		{877382C4-FCDF-4170-A632-D16D2FE00C9C}.Release|x86.Build.0 = Release|Any CPU
		{62F5D69A-9743-483C-AD28-7209CA89BA7A}.Debug|Any CPU.ActiveCfg = Debug|Any CPU
		{62F5D69A-9743-483C-AD28-7209CA89BA7A}.Debug|Any CPU.Build.0 = Debug|Any CPU
		{62F5D69A-9743-483C-AD28-7209CA89BA7A}.Debug|x64.ActiveCfg = Debug|Any CPU
		{62F5D69A-9743-483C-AD28-7209CA89BA7A}.Debug|x64.Build.0 = Debug|Any CPU
		{62F5D69A-9743-483C-AD28-7209CA89BA7A}.Debug|x86.ActiveCfg = Debug|Any CPU
		{62F5D69A-9743-483C-AD28-7209CA89BA7A}.Debug|x86.Build.0 = Debug|Any CPU
		{62F5D69A-9743-483C-AD28-7209CA89BA7A}.Release|Any CPU.ActiveCfg = Release|Any CPU
		{62F5D69A-9743-483C-AD28-7209CA89BA7A}.Release|Any CPU.Build.0 = Release|Any CPU
		{62F5D69A-9743-483C-AD28-7209CA89BA7A}.Release|x64.ActiveCfg = Release|Any CPU
		{62F5D69A-9743-483C-AD28-7209CA89BA7A}.Release|x64.Build.0 = Release|Any CPU
		{62F5D69A-9743-483C-AD28-7209CA89BA7A}.Release|x86.ActiveCfg = Release|Any CPU
		{62F5D69A-9743-483C-AD28-7209CA89BA7A}.Release|x86.Build.0 = Release|Any CPU
		{D63172EF-E69F-4220-AD50-545E6632714F}.Debug|Any CPU.ActiveCfg = Debug|Any CPU
		{D63172EF-E69F-4220-AD50-545E6632714F}.Debug|Any CPU.Build.0 = Debug|Any CPU
		{D63172EF-E69F-4220-AD50-545E6632714F}.Debug|x64.ActiveCfg = Debug|Any CPU
		{D63172EF-E69F-4220-AD50-545E6632714F}.Debug|x64.Build.0 = Debug|Any CPU
		{D63172EF-E69F-4220-AD50-545E6632714F}.Debug|x86.ActiveCfg = Debug|Any CPU
		{D63172EF-E69F-4220-AD50-545E6632714F}.Debug|x86.Build.0 = Debug|Any CPU
		{D63172EF-E69F-4220-AD50-545E6632714F}.Release|Any CPU.ActiveCfg = Release|Any CPU
		{D63172EF-E69F-4220-AD50-545E6632714F}.Release|Any CPU.Build.0 = Release|Any CPU
		{D63172EF-E69F-4220-AD50-545E6632714F}.Release|x64.ActiveCfg = Release|Any CPU
		{D63172EF-E69F-4220-AD50-545E6632714F}.Release|x64.Build.0 = Release|Any CPU
		{D63172EF-E69F-4220-AD50-545E6632714F}.Release|x86.ActiveCfg = Release|Any CPU
		{D63172EF-E69F-4220-AD50-545E6632714F}.Release|x86.Build.0 = Release|Any CPU
	EndGlobalSection
	GlobalSection(NestedProjects) = preSolution
		{DB3F878F-5D26-4342-BE01-002529710FF2} = {2BE50F66-6D55-4045-8817-D5F065CD5C7C}
		{877382C4-FCDF-4170-A632-D16D2FE00C9C} = {DB3F878F-5D26-4342-BE01-002529710FF2}
		{62F5D69A-9743-483C-AD28-7209CA89BA7A} = {DB3F878F-5D26-4342-BE01-002529710FF2}
		{409CF84B-0BCE-4650-A711-73092F098770} = {EFAE5021-44D5-4906-994D-4EB8B4C4DD09}
		{7022624B-0CE1-4889-AABF-9407E4FAC497} = {409CF84B-0BCE-4650-A711-73092F098770}
		{D63172EF-E69F-4220-AD50-545E6632714F} = {7022624B-0CE1-4889-AABF-9407E4FAC497}
	EndGlobalSection
EndGlobal
